// !$*UTF8*$!
{
	archiveVersion = 1;
	classes = {
	};
	objectVersion = 51;
	objects = {

/* Begin PBXBuildFile section */
		65EFD21BACF95F6A84F175F5 /* Pods_TableView.framework in Frameworks */ = {isa = PBXBuildFile; fileRef = 48254ED03CAAD1DC663C2567 /* Pods_TableView.framework */; };
		7D79B9C024C8317000F953EA /* ProductConstant.swift in Sources */ = {isa = PBXBuildFile; fileRef = 7D79B9BD24C8317000F953EA /* ProductConstant.swift */; };
		7D79B9C124C8317000F953EA /* ProductAPIError.swift in Sources */ = {isa = PBXBuildFile; fileRef = 7D79B9BE24C8317000F953EA /* ProductAPIError.swift */; };
		7D79B9C224C8317000F953EA /* Product.swift in Sources */ = {isa = PBXBuildFile; fileRef = 7D79B9BF24C8317000F953EA /* Product.swift */; };
		7D79B9C424C8317900F953EA /* WebService.swift in Sources */ = {isa = PBXBuildFile; fileRef = 7D79B9C324C8317900F953EA /* WebService.swift */; };
		7D79B9C624C8318300F953EA /* ProductViewModel.swift in Sources */ = {isa = PBXBuildFile; fileRef = 7D79B9C524C8318300F953EA /* ProductViewModel.swift */; };
		7D9659D424CDBAE60008C076 /* FontSize.swift in Sources */ = {isa = PBXBuildFile; fileRef = 7D9659D324CDBAE60008C076 /* FontSize.swift */; };
		7DA1FC3724C7609300BE4903 /* Roboto-Medium.ttf in Resources */ = {isa = PBXBuildFile; fileRef = 7DA1FC2124C7609300BE4903 /* Roboto-Medium.ttf */; };
		7DA1FC3824C7609300BE4903 /* Roboto-Light.ttf in Resources */ = {isa = PBXBuildFile; fileRef = 7DA1FC2224C7609300BE4903 /* Roboto-Light.ttf */; };
		7DA1FC3924C7609300BE4903 /* Roboto-Regular.ttf in Resources */ = {isa = PBXBuildFile; fileRef = 7DA1FC2324C7609300BE4903 /* Roboto-Regular.ttf */; };
		7DA1FC3A24C7609300BE4903 /* Roboto-Bold.ttf in Resources */ = {isa = PBXBuildFile; fileRef = 7DA1FC2424C7609300BE4903 /* Roboto-Bold.ttf */; };
		7DA1FC3B24C7609300BE4903 /* Roboto-Black.ttf in Resources */ = {isa = PBXBuildFile; fileRef = 7DA1FC2524C7609300BE4903 /* Roboto-Black.ttf */; };
		7DA1FC4124C7609300BE4903 /* ViewController.swift in Sources */ = {isa = PBXBuildFile; fileRef = 7DA1FC3024C7609300BE4903 /* ViewController.swift */; };
		7DA1FC4224C7609300BE4903 /* ProductCell.swift in Sources */ = {isa = PBXBuildFile; fileRef = 7DA1FC3224C7609300BE4903 /* ProductCell.swift */; };
		7DA1FC4324C7609300BE4903 /* IndicatorView.swift in Sources */ = {isa = PBXBuildFile; fileRef = 7DA1FC3424C7609300BE4903 /* IndicatorView.swift */; };
		7DA1FC4424C7609300BE4903 /* Extensions.swift in Sources */ = {isa = PBXBuildFile; fileRef = 7DA1FC3624C7609300BE4903 /* Extensions.swift */; };
		7DA1FC4624C7612100BE4903 /* LaunchScreen.storyboard in Resources */ = {isa = PBXBuildFile; fileRef = 7DA1FC4524C7612100BE4903 /* LaunchScreen.storyboard */; };
		7DA1FC4824C7615800BE4903 /* Assets.xcassets in Resources */ = {isa = PBXBuildFile; fileRef = 7DA1FC4724C7615800BE4903 /* Assets.xcassets */; };
		7DA1FC4E24C769A600BE4903 /* ProductWebServiceTest.swift in Sources */ = {isa = PBXBuildFile; fileRef = 7DA1FC4A24C769A600BE4903 /* ProductWebServiceTest.swift */; };
		7DA2C1CF24C74B5200E687D0 /* AppDelegate.swift in Sources */ = {isa = PBXBuildFile; fileRef = 7DA2C1CE24C74B5200E687D0 /* AppDelegate.swift */; };
		7DDD99C324D19AC3006E93EF /* MockProductWebService.swift in Sources */ = {isa = PBXBuildFile; fileRef = 7DDD99C124D19AC3006E93EF /* MockProductWebService.swift */; };
		7DDD99C424D19AC3006E93EF /* MockURLProtocol.swift in Sources */ = {isa = PBXBuildFile; fileRef = 7DDD99C224D19AC3006E93EF /* MockURLProtocol.swift */; };
		B9E370C975EBF2AECE44F55A /* Pods_TableViewTests.framework in Frameworks */ = {isa = PBXBuildFile; fileRef = 0917D70305329E432FE65DA9 /* Pods_TableViewTests.framework */; };
/* End PBXBuildFile section */

/* Begin PBXContainerItemProxy section */
		7DA2C1E224C74B5400E687D0 /* PBXContainerItemProxy */ = {
			isa = PBXContainerItemProxy;
			containerPortal = 7DA2C1C324C74B5200E687D0 /* Project object */;
			proxyType = 1;
			remoteGlobalIDString = 7DA2C1CA24C74B5200E687D0;
			remoteInfo = TableView;
		};
/* End PBXContainerItemProxy section */

/* Begin PBXFileReference section */
		0917D70305329E432FE65DA9 /* Pods_TableViewTests.framework */ = {isa = PBXFileReference; explicitFileType = wrapper.framework; includeInIndex = 0; path = Pods_TableViewTests.framework; sourceTree = BUILT_PRODUCTS_DIR; };
		48254ED03CAAD1DC663C2567 /* Pods_TableView.framework */ = {isa = PBXFileReference; explicitFileType = wrapper.framework; includeInIndex = 0; path = Pods_TableView.framework; sourceTree = BUILT_PRODUCTS_DIR; };
		7393840B23F7297F29CB8E45 /* Pods-TableView.release.xcconfig */ = {isa = PBXFileReference; includeInIndex = 1; lastKnownFileType = text.xcconfig; name = "Pods-TableView.release.xcconfig"; path = "Target Support Files/Pods-TableView/Pods-TableView.release.xcconfig"; sourceTree = "<group>"; };
		7D79B9BD24C8317000F953EA /* ProductConstant.swift */ = {isa = PBXFileReference; fileEncoding = 4; lastKnownFileType = sourcecode.swift; path = ProductConstant.swift; sourceTree = "<group>"; };
		7D79B9BE24C8317000F953EA /* ProductAPIError.swift */ = {isa = PBXFileReference; fileEncoding = 4; lastKnownFileType = sourcecode.swift; path = ProductAPIError.swift; sourceTree = "<group>"; };
		7D79B9BF24C8317000F953EA /* Product.swift */ = {isa = PBXFileReference; fileEncoding = 4; lastKnownFileType = sourcecode.swift; path = Product.swift; sourceTree = "<group>"; };
		7D79B9C324C8317900F953EA /* WebService.swift */ = {isa = PBXFileReference; fileEncoding = 4; lastKnownFileType = sourcecode.swift; path = WebService.swift; sourceTree = "<group>"; };
		7D79B9C524C8318300F953EA /* ProductViewModel.swift */ = {isa = PBXFileReference; fileEncoding = 4; lastKnownFileType = sourcecode.swift; path = ProductViewModel.swift; sourceTree = "<group>"; };
		7D9659D324CDBAE60008C076 /* FontSize.swift */ = {isa = PBXFileReference; lastKnownFileType = sourcecode.swift; path = FontSize.swift; sourceTree = "<group>"; };
		7DA1FC2124C7609300BE4903 /* Roboto-Medium.ttf */ = {isa = PBXFileReference; lastKnownFileType = file; path = "Roboto-Medium.ttf"; sourceTree = "<group>"; };
		7DA1FC2224C7609300BE4903 /* Roboto-Light.ttf */ = {isa = PBXFileReference; lastKnownFileType = file; path = "Roboto-Light.ttf"; sourceTree = "<group>"; };
		7DA1FC2324C7609300BE4903 /* Roboto-Regular.ttf */ = {isa = PBXFileReference; lastKnownFileType = file; path = "Roboto-Regular.ttf"; sourceTree = "<group>"; };
		7DA1FC2424C7609300BE4903 /* Roboto-Bold.ttf */ = {isa = PBXFileReference; lastKnownFileType = file; path = "Roboto-Bold.ttf"; sourceTree = "<group>"; };
		7DA1FC2524C7609300BE4903 /* Roboto-Black.ttf */ = {isa = PBXFileReference; lastKnownFileType = file; path = "Roboto-Black.ttf"; sourceTree = "<group>"; };
		7DA1FC3024C7609300BE4903 /* ViewController.swift */ = {isa = PBXFileReference; fileEncoding = 4; lastKnownFileType = sourcecode.swift; path = ViewController.swift; sourceTree = "<group>"; };
		7DA1FC3224C7609300BE4903 /* ProductCell.swift */ = {isa = PBXFileReference; fileEncoding = 4; lastKnownFileType = sourcecode.swift; path = ProductCell.swift; sourceTree = "<group>"; };
		7DA1FC3424C7609300BE4903 /* IndicatorView.swift */ = {isa = PBXFileReference; fileEncoding = 4; lastKnownFileType = sourcecode.swift; path = IndicatorView.swift; sourceTree = "<group>"; };
		7DA1FC3624C7609300BE4903 /* Extensions.swift */ = {isa = PBXFileReference; fileEncoding = 4; lastKnownFileType = sourcecode.swift; path = Extensions.swift; sourceTree = "<group>"; };
		7DA1FC4524C7612100BE4903 /* LaunchScreen.storyboard */ = {isa = PBXFileReference; fileEncoding = 4; lastKnownFileType = file.storyboard; path = LaunchScreen.storyboard; sourceTree = "<group>"; };
		7DA1FC4724C7615800BE4903 /* Assets.xcassets */ = {isa = PBXFileReference; lastKnownFileType = folder.assetcatalog; path = Assets.xcassets; sourceTree = "<group>"; };
		7DA1FC4A24C769A600BE4903 /* ProductWebServiceTest.swift */ = {isa = PBXFileReference; fileEncoding = 4; lastKnownFileType = sourcecode.swift; path = ProductWebServiceTest.swift; sourceTree = "<group>"; };
		7DA2C1CB24C74B5200E687D0 /* TableView.app */ = {isa = PBXFileReference; explicitFileType = wrapper.application; includeInIndex = 0; path = TableView.app; sourceTree = BUILT_PRODUCTS_DIR; };
		7DA2C1CE24C74B5200E687D0 /* AppDelegate.swift */ = {isa = PBXFileReference; lastKnownFileType = sourcecode.swift; path = AppDelegate.swift; sourceTree = "<group>"; };
		7DA2C1DC24C74B5400E687D0 /* Info.plist */ = {isa = PBXFileReference; lastKnownFileType = text.plist.xml; path = Info.plist; sourceTree = "<group>"; };
		7DA2C1E124C74B5400E687D0 /* TableViewTests.xctest */ = {isa = PBXFileReference; explicitFileType = wrapper.cfbundle; includeInIndex = 0; path = TableViewTests.xctest; sourceTree = BUILT_PRODUCTS_DIR; };
		7DA2C1E724C74B5400E687D0 /* Info.plist */ = {isa = PBXFileReference; lastKnownFileType = text.plist.xml; path = Info.plist; sourceTree = "<group>"; };
		7DDD99C124D19AC3006E93EF /* MockProductWebService.swift */ = {isa = PBXFileReference; fileEncoding = 4; lastKnownFileType = sourcecode.swift; path = MockProductWebService.swift; sourceTree = "<group>"; };
		7DDD99C224D19AC3006E93EF /* MockURLProtocol.swift */ = {isa = PBXFileReference; fileEncoding = 4; lastKnownFileType = sourcecode.swift; path = MockURLProtocol.swift; sourceTree = "<group>"; };
		7F6FEF80721165871A3E8FA1 /* Pods-TableViewTests.release.xcconfig */ = {isa = PBXFileReference; includeInIndex = 1; lastKnownFileType = text.xcconfig; name = "Pods-TableViewTests.release.xcconfig"; path = "Target Support Files/Pods-TableViewTests/Pods-TableViewTests.release.xcconfig"; sourceTree = "<group>"; };
		9360A99400EA87300FC51A56 /* Pods-TableView.debug.xcconfig */ = {isa = PBXFileReference; includeInIndex = 1; lastKnownFileType = text.xcconfig; name = "Pods-TableView.debug.xcconfig"; path = "Target Support Files/Pods-TableView/Pods-TableView.debug.xcconfig"; sourceTree = "<group>"; };
		E927323CB9DE65B346222174 /* Pods-TableViewTests.debug.xcconfig */ = {isa = PBXFileReference; includeInIndex = 1; lastKnownFileType = text.xcconfig; name = "Pods-TableViewTests.debug.xcconfig"; path = "Target Support Files/Pods-TableViewTests/Pods-TableViewTests.debug.xcconfig"; sourceTree = "<group>"; };
/* End PBXFileReference section */

/* Begin PBXFrameworksBuildPhase section */
		7DA2C1C824C74B5200E687D0 /* Frameworks */ = {
			isa = PBXFrameworksBuildPhase;
			buildActionMask = 2147483647;
			files = (
				65EFD21BACF95F6A84F175F5 /* Pods_TableView.framework in Frameworks */,
			);
			runOnlyForDeploymentPostprocessing = 0;
		};
		7DA2C1DE24C74B5400E687D0 /* Frameworks */ = {
			isa = PBXFrameworksBuildPhase;
			buildActionMask = 2147483647;
			files = (
				B9E370C975EBF2AECE44F55A /* Pods_TableViewTests.framework in Frameworks */,
			);
			runOnlyForDeploymentPostprocessing = 0;
		};
/* End PBXFrameworksBuildPhase section */

/* Begin PBXGroup section */
		1E1BF82CBF6F1D6D82290139 /* Pods */ = {
			isa = PBXGroup;
			children = (
				9360A99400EA87300FC51A56 /* Pods-TableView.debug.xcconfig */,
				7393840B23F7297F29CB8E45 /* Pods-TableView.release.xcconfig */,
				E927323CB9DE65B346222174 /* Pods-TableViewTests.debug.xcconfig */,
				7F6FEF80721165871A3E8FA1 /* Pods-TableViewTests.release.xcconfig */,
			);
			path = Pods;
			sourceTree = "<group>";
		};
		7D79B9BA24C8312A00F953EA /* Network */ = {
			isa = PBXGroup;
			children = (
				7D79B9C324C8317900F953EA /* WebService.swift */,
			);
			path = Network;
			sourceTree = "<group>";
		};
		7D79B9BB24C8315A00F953EA /* Model */ = {
			isa = PBXGroup;
			children = (
				7D79B9BF24C8317000F953EA /* Product.swift */,
				7D79B9BE24C8317000F953EA /* ProductAPIError.swift */,
				7D79B9BD24C8317000F953EA /* ProductConstant.swift */,
			);
			path = Model;
			sourceTree = "<group>";
		};
		7D79B9BC24C8316000F953EA /* ViewModel */ = {
			isa = PBXGroup;
			children = (
				7D79B9C524C8318300F953EA /* ProductViewModel.swift */,
			);
			path = ViewModel;
			sourceTree = "<group>";
		};
		7D9659D524CDBE3E0008C076 /* Enum */ = {
			isa = PBXGroup;
			children = (
				7D9659D324CDBAE60008C076 /* FontSize.swift */,
			);
			path = Enum;
			sourceTree = "<group>";
		};
		7DA1FC1F24C7609300BE4903 /* Resources */ = {
			isa = PBXGroup;
			children = (
				7DA1FC2024C7609300BE4903 /* Fonts */,
			);
			path = Resources;
			sourceTree = "<group>";
		};
		7DA1FC2024C7609300BE4903 /* Fonts */ = {
			isa = PBXGroup;
			children = (
				7DA1FC2124C7609300BE4903 /* Roboto-Medium.ttf */,
				7DA1FC2224C7609300BE4903 /* Roboto-Light.ttf */,
				7DA1FC2324C7609300BE4903 /* Roboto-Regular.ttf */,
				7DA1FC2424C7609300BE4903 /* Roboto-Bold.ttf */,
				7DA1FC2524C7609300BE4903 /* Roboto-Black.ttf */,
			);
			path = Fonts;
			sourceTree = "<group>";
		};
		7DA1FC2E24C7609300BE4903 /* UI */ = {
			isa = PBXGroup;
			children = (
				7DA1FC2F24C7609300BE4903 /* ViewControllers */,
				7DA1FC3324C7609300BE4903 /* Views */,
			);
			path = UI;
			sourceTree = "<group>";
		};
		7DA1FC2F24C7609300BE4903 /* ViewControllers */ = {
			isa = PBXGroup;
			children = (
				7DA1FC3024C7609300BE4903 /* ViewController.swift */,
				7DA1FC3124C7609300BE4903 /* Cell */,
			);
			path = ViewControllers;
			sourceTree = "<group>";
		};
		7DA1FC3124C7609300BE4903 /* Cell */ = {
			isa = PBXGroup;
			children = (
				7DA1FC3224C7609300BE4903 /* ProductCell.swift */,
			);
			path = Cell;
			sourceTree = "<group>";
		};
		7DA1FC3324C7609300BE4903 /* Views */ = {
			isa = PBXGroup;
			children = (
				7DA1FC3424C7609300BE4903 /* IndicatorView.swift */,
			);
			path = Views;
			sourceTree = "<group>";
		};
		7DA1FC3524C7609300BE4903 /* Extensions */ = {
			isa = PBXGroup;
			children = (
				7DA1FC3624C7609300BE4903 /* Extensions.swift */,
			);
			path = Extensions;
			sourceTree = "<group>";
		};
		7DA1FC4924C769A600BE4903 /* Network */ = {
			isa = PBXGroup;
			children = (
				7DA1FC4A24C769A600BE4903 /* ProductWebServiceTest.swift */,
			);
			path = Network;
			sourceTree = "<group>";
		};
		7DA2C1C224C74B5200E687D0 = {
			isa = PBXGroup;
			children = (
				7DA2C1CD24C74B5200E687D0 /* TableView */,
				7DA2C1E424C74B5400E687D0 /* TableViewTests */,
				7DA2C1CC24C74B5200E687D0 /* Products */,
				1E1BF82CBF6F1D6D82290139 /* Pods */,
				ECAA94FA4AF78AB684F76265 /* Frameworks */,
			);
			sourceTree = "<group>";
		};
		7DA2C1CC24C74B5200E687D0 /* Products */ = {
			isa = PBXGroup;
			children = (
				7DA2C1CB24C74B5200E687D0 /* TableView.app */,
				7DA2C1E124C74B5400E687D0 /* TableViewTests.xctest */,
			);
			name = Products;
			sourceTree = "<group>";
		};
		7DA2C1CD24C74B5200E687D0 /* TableView */ = {
			isa = PBXGroup;
			children = (
				7DA2C1CE24C74B5200E687D0 /* AppDelegate.swift */,
				7D9659D524CDBE3E0008C076 /* Enum */,
				7D79B9BC24C8316000F953EA /* ViewModel */,
				7D79B9BB24C8315A00F953EA /* Model */,
				7D79B9BA24C8312A00F953EA /* Network */,
				7DA1FC3524C7609300BE4903 /* Extensions */,
				7DA1FC1F24C7609300BE4903 /* Resources */,
				7DA1FC2E24C7609300BE4903 /* UI */,
				7DA1FC4524C7612100BE4903 /* LaunchScreen.storyboard */,
				7DA1FC4724C7615800BE4903 /* Assets.xcassets */,
				7DA2C1DC24C74B5400E687D0 /* Info.plist */,
			);
			path = TableView;
			sourceTree = "<group>";
		};
		7DA2C1E424C74B5400E687D0 /* TableViewTests */ = {
			isa = PBXGroup;
			children = (
				7DDD99C024D19AAC006E93EF /* Mock */,
				7DA1FC4924C769A600BE4903 /* Network */,
				7DA2C1E724C74B5400E687D0 /* Info.plist */,
			);
			path = TableViewTests;
			sourceTree = "<group>";
		};
		7DDD99C024D19AAC006E93EF /* Mock */ = {
			isa = PBXGroup;
			children = (
				7DDD99C124D19AC3006E93EF /* MockProductWebService.swift */,
				7DDD99C224D19AC3006E93EF /* MockURLProtocol.swift */,
			);
			path = Mock;
			sourceTree = "<group>";
		};
		ECAA94FA4AF78AB684F76265 /* Frameworks */ = {
			isa = PBXGroup;
			children = (
				48254ED03CAAD1DC663C2567 /* Pods_TableView.framework */,
				0917D70305329E432FE65DA9 /* Pods_TableViewTests.framework */,
			);
			name = Frameworks;
			sourceTree = "<group>";
		};
/* End PBXGroup section */

/* Begin PBXNativeTarget section */
		7DA2C1CA24C74B5200E687D0 /* TableView */ = {
			isa = PBXNativeTarget;
			buildConfigurationList = 7DA2C1EA24C74B5400E687D0 /* Build configuration list for PBXNativeTarget "TableView" */;
			buildPhases = (
				889C4019CAD327D9D5AE941F /* [CP] Check Pods Manifest.lock */,
				7DA2C1C724C74B5200E687D0 /* Sources */,
				7DA2C1C824C74B5200E687D0 /* Frameworks */,
				7DA2C1C924C74B5200E687D0 /* Resources */,
				8CAB9C8CF12C6AE43F0F82F4 /* [CP] Embed Pods Frameworks */,
			);
			buildRules = (
			);
			dependencies = (
			);
			name = TableView;
			productName = TableView;
			productReference = 7DA2C1CB24C74B5200E687D0 /* TableView.app */;
			productType = "com.apple.product-type.application";
		};
		7DA2C1E024C74B5400E687D0 /* TableViewTests */ = {
			isa = PBXNativeTarget;
			buildConfigurationList = 7DA2C1ED24C74B5400E687D0 /* Build configuration list for PBXNativeTarget "TableViewTests" */;
			buildPhases = (
				DD4BC8F392E3B325BED07693 /* [CP] Check Pods Manifest.lock */,
				7DA2C1DD24C74B5400E687D0 /* Sources */,
				7DA2C1DE24C74B5400E687D0 /* Frameworks */,
				7DA2C1DF24C74B5400E687D0 /* Resources */,
			);
			buildRules = (
			);
			dependencies = (
				7DA2C1E324C74B5400E687D0 /* PBXTargetDependency */,
			);
			name = TableViewTests;
			productName = TableViewTests;
			productReference = 7DA2C1E124C74B5400E687D0 /* TableViewTests.xctest */;
			productType = "com.apple.product-type.bundle.unit-test";
		};
/* End PBXNativeTarget section */

/* Begin PBXProject section */
		7DA2C1C324C74B5200E687D0 /* Project object */ = {
			isa = PBXProject;
			attributes = {
				LastSwiftUpdateCheck = 1150;
				LastUpgradeCheck = 1150;
				ORGANIZATIONNAME = "Jitendra Kumar";
				TargetAttributes = {
					7DA2C1CA24C74B5200E687D0 = {
						CreatedOnToolsVersion = 11.5;
					};
					7DA2C1E024C74B5400E687D0 = {
						CreatedOnToolsVersion = 11.5;
						TestTargetID = 7DA2C1CA24C74B5200E687D0;
					};
				};
			};
			buildConfigurationList = 7DA2C1C624C74B5200E687D0 /* Build configuration list for PBXProject "TableView" */;
			compatibilityVersion = "Xcode 9.3";
			developmentRegion = en;
			hasScannedForEncodings = 0;
			knownRegions = (
				en,
				Base,
			);
			mainGroup = 7DA2C1C224C74B5200E687D0;
			productRefGroup = 7DA2C1CC24C74B5200E687D0 /* Products */;
			projectDirPath = "";
			projectRoot = "";
			targets = (
				7DA2C1CA24C74B5200E687D0 /* TableView */,
				7DA2C1E024C74B5400E687D0 /* TableViewTests */,
			);
		};
/* End PBXProject section */

/* Begin PBXResourcesBuildPhase section */
		7DA2C1C924C74B5200E687D0 /* Resources */ = {
			isa = PBXResourcesBuildPhase;
			buildActionMask = 2147483647;
			files = (
				7DA1FC3A24C7609300BE4903 /* Roboto-Bold.ttf in Resources */,
				7DA1FC3924C7609300BE4903 /* Roboto-Regular.ttf in Resources */,
				7DA1FC3B24C7609300BE4903 /* Roboto-Black.ttf in Resources */,
				7DA1FC4624C7612100BE4903 /* LaunchScreen.storyboard in Resources */,
				7DA1FC4824C7615800BE4903 /* Assets.xcassets in Resources */,
				7DA1FC3824C7609300BE4903 /* Roboto-Light.ttf in Resources */,
				7DA1FC3724C7609300BE4903 /* Roboto-Medium.ttf in Resources */,
			);
			runOnlyForDeploymentPostprocessing = 0;
		};
		7DA2C1DF24C74B5400E687D0 /* Resources */ = {
			isa = PBXResourcesBuildPhase;
			buildActionMask = 2147483647;
			files = (
			);
			runOnlyForDeploymentPostprocessing = 0;
		};
/* End PBXResourcesBuildPhase section */

/* Begin PBXShellScriptBuildPhase section */
		889C4019CAD327D9D5AE941F /* [CP] Check Pods Manifest.lock */ = {
			isa = PBXShellScriptBuildPhase;
			buildActionMask = 2147483647;
			files = (
			);
			inputFileListPaths = (
			);
			inputPaths = (
				"${PODS_PODFILE_DIR_PATH}/Podfile.lock",
				"${PODS_ROOT}/Manifest.lock",
			);
			name = "[CP] Check Pods Manifest.lock";
			outputFileListPaths = (
			);
			outputPaths = (
				"$(DERIVED_FILE_DIR)/Pods-TableView-checkManifestLockResult.txt",
			);
			runOnlyForDeploymentPostprocessing = 0;
			shellPath = /bin/sh;
			shellScript = "diff \"${PODS_PODFILE_DIR_PATH}/Podfile.lock\" \"${PODS_ROOT}/Manifest.lock\" > /dev/null\nif [ $? != 0 ] ; then\n    # print error to STDERR\n    echo \"error: The sandbox is not in sync with the Podfile.lock. Run 'pod install' or update your CocoaPods installation.\" >&2\n    exit 1\nfi\n# This output is used by Xcode 'outputs' to avoid re-running this script phase.\necho \"SUCCESS\" > \"${SCRIPT_OUTPUT_FILE_0}\"\n";
			showEnvVarsInLog = 0;
		};
		8CAB9C8CF12C6AE43F0F82F4 /* [CP] Embed Pods Frameworks */ = {
			isa = PBXShellScriptBuildPhase;
			buildActionMask = 2147483647;
			files = (
			);
			inputFileListPaths = (
				"${PODS_ROOT}/Target Support Files/Pods-TableView/Pods-TableView-frameworks-${CONFIGURATION}-input-files.xcfilelist",
			);
			name = "[CP] Embed Pods Frameworks";
			outputFileListPaths = (
				"${PODS_ROOT}/Target Support Files/Pods-TableView/Pods-TableView-frameworks-${CONFIGURATION}-output-files.xcfilelist",
			);
			runOnlyForDeploymentPostprocessing = 0;
			shellPath = /bin/sh;
			shellScript = "\"${PODS_ROOT}/Target Support Files/Pods-TableView/Pods-TableView-frameworks.sh\"\n";
			showEnvVarsInLog = 0;
		};
		DD4BC8F392E3B325BED07693 /* [CP] Check Pods Manifest.lock */ = {
			isa = PBXShellScriptBuildPhase;
			buildActionMask = 2147483647;
			files = (
			);
			inputFileListPaths = (
			);
			inputPaths = (
				"${PODS_PODFILE_DIR_PATH}/Podfile.lock",
				"${PODS_ROOT}/Manifest.lock",
			);
			name = "[CP] Check Pods Manifest.lock";
			outputFileListPaths = (
			);
			outputPaths = (
				"$(DERIVED_FILE_DIR)/Pods-TableViewTests-checkManifestLockResult.txt",
			);
			runOnlyForDeploymentPostprocessing = 0;
			shellPath = /bin/sh;
			shellScript = "diff \"${PODS_PODFILE_DIR_PATH}/Podfile.lock\" \"${PODS_ROOT}/Manifest.lock\" > /dev/null\nif [ $? != 0 ] ; then\n    # print error to STDERR\n    echo \"error: The sandbox is not in sync with the Podfile.lock. Run 'pod install' or update your CocoaPods installation.\" >&2\n    exit 1\nfi\n# This output is used by Xcode 'outputs' to avoid re-running this script phase.\necho \"SUCCESS\" > \"${SCRIPT_OUTPUT_FILE_0}\"\n";
			showEnvVarsInLog = 0;
		};
/* End PBXShellScriptBuildPhase section */

/* Begin PBXSourcesBuildPhase section */
		7DA2C1C724C74B5200E687D0 /* Sources */ = {
			isa = PBXSourcesBuildPhase;
			buildActionMask = 2147483647;
			files = (
				7D79B9C424C8317900F953EA /* WebService.swift in Sources */,
				7DA1FC4324C7609300BE4903 /* IndicatorView.swift in Sources */,
				7D79B9C224C8317000F953EA /* Product.swift in Sources */,
				7DA1FC4424C7609300BE4903 /* Extensions.swift in Sources */,
				7D79B9C624C8318300F953EA /* ProductViewModel.swift in Sources */,
				7DA1FC4124C7609300BE4903 /* ViewController.swift in Sources */,
				7D9659D424CDBAE60008C076 /* FontSize.swift in Sources */,
				7D79B9C024C8317000F953EA /* ProductConstant.swift in Sources */,
				7DA1FC4224C7609300BE4903 /* ProductCell.swift in Sources */,
				7D79B9C124C8317000F953EA /* ProductAPIError.swift in Sources */,
				7DA2C1CF24C74B5200E687D0 /* AppDelegate.swift in Sources */,
			);
			runOnlyForDeploymentPostprocessing = 0;
		};
		7DA2C1DD24C74B5400E687D0 /* Sources */ = {
			isa = PBXSourcesBuildPhase;
			buildActionMask = 2147483647;
			files = (
				7DDD99C424D19AC3006E93EF /* MockURLProtocol.swift in Sources */,
				7DDD99C324D19AC3006E93EF /* MockProductWebService.swift in Sources */,
				7DA1FC4E24C769A600BE4903 /* ProductWebServiceTest.swift in Sources */,
			);
			runOnlyForDeploymentPostprocessing = 0;
		};
/* End PBXSourcesBuildPhase section */

/* Begin PBXTargetDependency section */
		7DA2C1E324C74B5400E687D0 /* PBXTargetDependency */ = {
			isa = PBXTargetDependency;
			target = 7DA2C1CA24C74B5200E687D0 /* TableView */;
			targetProxy = 7DA2C1E224C74B5400E687D0 /* PBXContainerItemProxy */;
		};
/* End PBXTargetDependency section */

/* Begin XCBuildConfiguration section */
		7DA2C1E824C74B5400E687D0 /* Debug */ = {
			isa = XCBuildConfiguration;
			buildSettings = {
				ALWAYS_SEARCH_USER_PATHS = NO;
				CLANG_ANALYZER_NONNULL = YES;
				CLANG_ANALYZER_NUMBER_OBJECT_CONVERSION = YES_AGGRESSIVE;
				CLANG_CXX_LANGUAGE_STANDARD = "gnu++14";
				CLANG_CXX_LIBRARY = "libc++";
				CLANG_ENABLE_MODULES = YES;
				CLANG_ENABLE_OBJC_ARC = YES;
				CLANG_ENABLE_OBJC_WEAK = YES;
				CLANG_WARN_BLOCK_CAPTURE_AUTORELEASING = YES;
				CLANG_WARN_BOOL_CONVERSION = YES;
				CLANG_WARN_COMMA = YES;
				CLANG_WARN_CONSTANT_CONVERSION = YES;
				CLANG_WARN_DEPRECATED_OBJC_IMPLEMENTATIONS = YES;
				CLANG_WARN_DIRECT_OBJC_ISA_USAGE = YES_ERROR;
				CLANG_WARN_DOCUMENTATION_COMMENTS = YES;
				CLANG_WARN_EMPTY_BODY = YES;
				CLANG_WARN_ENUM_CONVERSION = YES;
				CLANG_WARN_INFINITE_RECURSION = YES;
				CLANG_WARN_INT_CONVERSION = YES;
				CLANG_WARN_NON_LITERAL_NULL_CONVERSION = YES;
				CLANG_WARN_OBJC_IMPLICIT_RETAIN_SELF = YES;
				CLANG_WARN_OBJC_LITERAL_CONVERSION = YES;
				CLANG_WARN_OBJC_ROOT_CLASS = YES_ERROR;
				CLANG_WARN_RANGE_LOOP_ANALYSIS = YES;
				CLANG_WARN_STRICT_PROTOTYPES = YES;
				CLANG_WARN_SUSPICIOUS_MOVE = YES;
				CLANG_WARN_UNGUARDED_AVAILABILITY = YES_AGGRESSIVE;
				CLANG_WARN_UNREACHABLE_CODE = YES;
				CLANG_WARN__DUPLICATE_METHOD_MATCH = YES;
				COPY_PHASE_STRIP = NO;
				DEBUG_INFORMATION_FORMAT = dwarf;
				ENABLE_STRICT_OBJC_MSGSEND = YES;
				ENABLE_TESTABILITY = YES;
				GCC_C_LANGUAGE_STANDARD = gnu11;
				GCC_DYNAMIC_NO_PIC = NO;
				GCC_NO_COMMON_BLOCKS = YES;
				GCC_OPTIMIZATION_LEVEL = 0;
				GCC_PREPROCESSOR_DEFINITIONS = (
					"DEBUG=1",
					"$(inherited)",
				);
				GCC_WARN_64_TO_32_BIT_CONVERSION = YES;
				GCC_WARN_ABOUT_RETURN_TYPE = YES_ERROR;
				GCC_WARN_UNDECLARED_SELECTOR = YES;
				GCC_WARN_UNINITIALIZED_AUTOS = YES_AGGRESSIVE;
				GCC_WARN_UNUSED_FUNCTION = YES;
				GCC_WARN_UNUSED_VARIABLE = YES;
				IPHONEOS_DEPLOYMENT_TARGET = 11.0;
				MTL_ENABLE_DEBUG_INFO = INCLUDE_SOURCE;
				MTL_FAST_MATH = YES;
				ONLY_ACTIVE_ARCH = YES;
				SDKROOT = iphoneos;
				SWIFT_ACTIVE_COMPILATION_CONDITIONS = DEBUG;
				SWIFT_OPTIMIZATION_LEVEL = "-Onone";
			};
			name = Debug;
		};
		7DA2C1E924C74B5400E687D0 /* Release */ = {
			isa = XCBuildConfiguration;
			buildSettings = {
				ALWAYS_SEARCH_USER_PATHS = NO;
				CLANG_ANALYZER_NONNULL = YES;
				CLANG_ANALYZER_NUMBER_OBJECT_CONVERSION = YES_AGGRESSIVE;
				CLANG_CXX_LANGUAGE_STANDARD = "gnu++14";
				CLANG_CXX_LIBRARY = "libc++";
				CLANG_ENABLE_MODULES = YES;
				CLANG_ENABLE_OBJC_ARC = YES;
				CLANG_ENABLE_OBJC_WEAK = YES;
				CLANG_WARN_BLOCK_CAPTURE_AUTORELEASING = YES;
				CLANG_WARN_BOOL_CONVERSION = YES;
				CLANG_WARN_COMMA = YES;
				CLANG_WARN_CONSTANT_CONVERSION = YES;
				CLANG_WARN_DEPRECATED_OBJC_IMPLEMENTATIONS = YES;
				CLANG_WARN_DIRECT_OBJC_ISA_USAGE = YES_ERROR;
				CLANG_WARN_DOCUMENTATION_COMMENTS = YES;
				CLANG_WARN_EMPTY_BODY = YES;
				CLANG_WARN_ENUM_CONVERSION = YES;
				CLANG_WARN_INFINITE_RECURSION = YES;
				CLANG_WARN_INT_CONVERSION = YES;
				CLANG_WARN_NON_LITERAL_NULL_CONVERSION = YES;
				CLANG_WARN_OBJC_IMPLICIT_RETAIN_SELF = YES;
				CLANG_WARN_OBJC_LITERAL_CONVERSION = YES;
				CLANG_WARN_OBJC_ROOT_CLASS = YES_ERROR;
				CLANG_WARN_RANGE_LOOP_ANALYSIS = YES;
				CLANG_WARN_STRICT_PROTOTYPES = YES;
				CLANG_WARN_SUSPICIOUS_MOVE = YES;
				CLANG_WARN_UNGUARDED_AVAILABILITY = YES_AGGRESSIVE;
				CLANG_WARN_UNREACHABLE_CODE = YES;
				CLANG_WARN__DUPLICATE_METHOD_MATCH = YES;
				COPY_PHASE_STRIP = NO;
				DEBUG_INFORMATION_FORMAT = "dwarf-with-dsym";
				ENABLE_NS_ASSERTIONS = NO;
				ENABLE_STRICT_OBJC_MSGSEND = YES;
				GCC_C_LANGUAGE_STANDARD = gnu11;
				GCC_NO_COMMON_BLOCKS = YES;
				GCC_WARN_64_TO_32_BIT_CONVERSION = YES;
				GCC_WARN_ABOUT_RETURN_TYPE = YES_ERROR;
				GCC_WARN_UNDECLARED_SELECTOR = YES;
				GCC_WARN_UNINITIALIZED_AUTOS = YES_AGGRESSIVE;
				GCC_WARN_UNUSED_FUNCTION = YES;
				GCC_WARN_UNUSED_VARIABLE = YES;
				IPHONEOS_DEPLOYMENT_TARGET = 11.0;
				MTL_ENABLE_DEBUG_INFO = NO;
				MTL_FAST_MATH = YES;
				SDKROOT = iphoneos;
				SWIFT_COMPILATION_MODE = wholemodule;
				SWIFT_OPTIMIZATION_LEVEL = "-O";
				VALIDATE_PRODUCT = YES;
			};
			name = Release;
		};
		7DA2C1EB24C74B5400E687D0 /* Debug */ = {
			isa = XCBuildConfiguration;
			baseConfigurationReference = 9360A99400EA87300FC51A56 /* Pods-TableView.debug.xcconfig */;
			buildSettings = {
				ASSETCATALOG_COMPILER_APPICON_NAME = AppIcon;
				CODE_SIGN_STYLE = Automatic;
				INFOPLIST_FILE = TableView/Info.plist;
				IPHONEOS_DEPLOYMENT_TARGET = 11.0;
				LD_RUNPATH_SEARCH_PATHS = (
					"$(inherited)",
					"@executable_path/Frameworks",
				);
				PRODUCT_BUNDLE_IDENTIFIER = fdgfdg.TableView;
				PRODUCT_NAME = "$(TARGET_NAME)";
				SWIFT_VERSION = 5.0;
				TARGETED_DEVICE_FAMILY = "1,2";
			};
			name = Debug;
		};
		7DA2C1EC24C74B5400E687D0 /* Release */ = {
			isa = XCBuildConfiguration;
			baseConfigurationReference = 7393840B23F7297F29CB8E45 /* Pods-TableView.release.xcconfig */;
			buildSettings = {
				ASSETCATALOG_COMPILER_APPICON_NAME = AppIcon;
				CODE_SIGN_STYLE = Automatic;
				INFOPLIST_FILE = TableView/Info.plist;
				IPHONEOS_DEPLOYMENT_TARGET = 11.0;
				LD_RUNPATH_SEARCH_PATHS = (
					"$(inherited)",
					"@executable_path/Frameworks",
				);
				PRODUCT_BUNDLE_IDENTIFIER = fdgfdg.TableView;
				PRODUCT_NAME = "$(TARGET_NAME)";
				SWIFT_VERSION = 5.0;
				TARGETED_DEVICE_FAMILY = "1,2";
			};
			name = Release;
		};
		7DA2C1EE24C74B5400E687D0 /* Debug */ = {
			isa = XCBuildConfiguration;
			baseConfigurationReference = E927323CB9DE65B346222174 /* Pods-TableViewTests.debug.xcconfig */;
			buildSettings = {
				ALWAYS_EMBED_SWIFT_STANDARD_LIBRARIES = YES;
				BUNDLE_LOADER = "$(TEST_HOST)";
				CODE_SIGN_STYLE = Automatic;
				INFOPLIST_FILE = TableViewTests/Info.plist;
				IPHONEOS_DEPLOYMENT_TARGET = 11.0;
				LD_RUNPATH_SEARCH_PATHS = (
					"$(inherited)",
					"@executable_path/Frameworks",
					"@loader_path/Frameworks",
				);
				PRODUCT_BUNDLE_IDENTIFIER = fdgfdg.TableViewTests;
				PRODUCT_NAME = "$(TARGET_NAME)";
				SWIFT_VERSION = 5.0;
				TARGETED_DEVICE_FAMILY = "1,2";
				TEST_HOST = "$(BUILT_PRODUCTS_DIR)/TableView.app/TableView";
			};
			name = Debug;
		};
		7DA2C1EF24C74B5400E687D0 /* Release */ = {
			isa = XCBuildConfiguration;
			baseConfigurationReference = 7F6FEF80721165871A3E8FA1 /* Pods-TableViewTests.release.xcconfig */;
			buildSettings = {
				ALWAYS_EMBED_SWIFT_STANDARD_LIBRARIES = YES;
				BUNDLE_LOADER = "$(TEST_HOST)";
				CODE_SIGN_STYLE = Automatic;
				INFOPLIST_FILE = TableViewTests/Info.plist;
				IPHONEOS_DEPLOYMENT_TARGET = 11.0;
				LD_RUNPATH_SEARCH_PATHS = (
					"$(inherited)",
					"@executable_path/Frameworks",
					"@loader_path/Frameworks",
				);
				PRODUCT_BUNDLE_IDENTIFIER = fdgfdg.TableViewTests;
				PRODUCT_NAME = "$(TARGET_NAME)";
				SWIFT_VERSION = 5.0;
				TARGETED_DEVICE_FAMILY = "1,2";
				TEST_HOST = "$(BUILT_PRODUCTS_DIR)/TableView.app/TableView";
			};
			name = Release;
		};
/* End XCBuildConfiguration section */

/* Begin XCConfigurationList section */
		7DA2C1C624C74B5200E687D0 /* Build configuration list for PBXProject "TableView" */ = {
			isa = XCConfigurationList;
			buildConfigurations = (
				7DA2C1E824C74B5400E687D0 /* Debug */,
				7DA2C1E924C74B5400E687D0 /* Release */,
			);
			defaultConfigurationIsVisible = 0;
			defaultConfigurationName = Release;
		};
		7DA2C1EA24C74B5400E687D0 /* Build configuration list for PBXNativeTarget "TableView" */ = {
			isa = XCConfigurationList;
			buildConfigurations = (
				7DA2C1EB24C74B5400E687D0 /* Debug */,
				7DA2C1EC24C74B5400E687D0 /* Release */,
			);
			defaultConfigurationIsVisible = 0;
			defaultConfigurationName = Release;
		};
		7DA2C1ED24C74B5400E687D0 /* Build configuration list for PBXNativeTarget "TableViewTests" */ = {
			isa = XCConfigurationList;
			buildConfigurations = (
				7DA2C1EE24C74B5400E687D0 /* Debug */,
				7DA2C1EF24C74B5400E687D0 /* Release */,
			);
			defaultConfigurationIsVisible = 0;
			defaultConfigurationName = Release;
		};
/* End XCConfigurationList section */
	};
	rootObject = 7DA2C1C324C74B5200E687D0 /* Project object */;
}
